
Microsoft Visual Studio Solution File, Format Version 12.00
# Visual Studio 14
VisualStudioVersion = 14.0.25420.1
MinimumVisualStudioVersion = 10.0.40219.1
Project("{FAE04EC0-301F-11D3-BF4B-00C04F79EFBC}") = "agile", "agile\agile.csproj", "{CA28F44E-3442-4A2A-BC10-E899744C6A81}"
EndProject
Global
	GlobalSection(SolutionConfigurationPlatforms) = preSolution
		Debug|Any CPU = Debug|Any CPU
		Release|Any CPU = Release|Any CPU
	EndGlobalSection
	GlobalSection(ProjectConfigurationPlatforms) = postSolution
		{CA28F44E-3442-4A2A-BC10-E899744C6A81}.Debug|Any CPU.ActiveCfg = Debug|Any CPU
		{CA28F44E-3442-4A2A-BC10-E899744C6A81}.Debug|Any CPU.Build.0 = Debug|Any CPU
		{CA28F44E-3442-4A2A-BC10-E899744C6A81}.Release|Any CPU.ActiveCfg = Release|Any CPU
		{CA28F44E-3442-4A2A-BC10-E899744C6A81}.Release|Any CPU.Build.0 = Release|Any CPU
	EndGlobalSection
	GlobalSection(SolutionProperties) = preSolution
		HideSolutionNode = FALSE
	EndGlobalSection
EndGlobal
